<?xml version="1.0" encoding="utf-8"?>
<Project ToolsVersion="4.0" xmlns="http://schemas.microsoft.com/developer/msbuild/2003">
  <ItemGroup>
    <Filter Include="Core">
      <UniqueIdentifier>{407d0e6f-35bf-4653-9069-17bad258b066}</UniqueIdentifier>
    </Filter>
    <Filter Include="Kernels">
      <UniqueIdentifier>{ae235692-630a-487b-83c5-647c8eaf51fd}</UniqueIdentifier>
    </Filter>
    <Filter Include="3rdParty">
      <UniqueIdentifier>{8f47765e-b5c7-4e6f-8851-23632e1bb3bd}</UniqueIdentifier>
    </Filter>
    <Filter Include="User">
      <UniqueIdentifier>{26173a83-023a-4325-8486-eb71d7a61abd}</UniqueIdentifier>
    </Filter>
    <Filter Include="Core\3rdParty">
      <UniqueIdentifier>{6bef2fe4-af6f-43a9-a56f-82e833b74855}</UniqueIdentifier>
    </Filter>
  </ItemGroup>
  <ItemGroup>
    <ClInclude Include="RenderTarget.h">
      <Filter>Core</Filter>
    </ClInclude>
    <ClInclude Include="ReylaxCuda.h" />
    <ClInclude Include="Reylax_internal.h" />
    <ClInclude Include="Cuda.h" />
    <ClInclude Include="ReylaxCommon.h" />
    <ClInclude Include="Reylax.h">
      <Filter>User</Filter>
    </ClInclude>
    <ClInclude Include="ReylaxTypes.h">
      <Filter>User</Filter>
    </ClInclude>
    <ClInclude Include="DeviceBuffer.h">
      <Filter>Core</Filter>
    </ClInclude>
    <ClInclude Include="Mesh.h">
      <Filter>Core</Filter>
    </ClInclude>
    <ClInclude Include="SmallGpuStructs.h">
      <Filter>Core</Filter>
    </ClInclude>
    <ClInclude Include="Tracer.h">
      <Filter>Core</Filter>
    </ClInclude>
  </ItemGroup>
  <ItemGroup>
    <ClCompile Include="RenderTarget.cpp">
      <Filter>Core</Filter>
    </ClCompile>
    <ClCompile Include="..\..\RaytracerCuda\3rdParty\glatter-master\src\glatter\glatter.c">
      <Filter>3rdParty</Filter>
    </ClCompile>
    <ClCompile Include="Reylax.cpp">
      <Filter>Core</Filter>
    </ClCompile>
    <ClCompile Include="Benchmark.cpp">
      <Filter>Kernels</Filter>
    </ClCompile>
    <ClCompile Include="BvhNode.cpp">
      <Filter>Core</Filter>
    </ClCompile>
    <ClCompile Include="BoxTriangle.cpp" />
    <ClCompile Include="DeviceBuffer.cpp">
      <Filter>Core</Filter>
    </ClCompile>
    <ClCompile Include="Mesh.cpp">
      <Filter>Core</Filter>
    </ClCompile>
    <ClCompile Include="SmallGpuStructs.cpp">
      <Filter>Core</Filter>
    </ClCompile>
    <ClCompile Include="Tracer.cpp">
      <Filter>Core</Filter>
    </ClCompile>
  </ItemGroup>
  <ItemGroup>
    <CudaCompile Include="RTClear.cpp">
      <Filter>Kernels</Filter>
    </CudaCompile>
    <CudaCompile Include="KTracer.cpp">
      <Filter>Kernels</Filter>
    </CudaCompile>
  </ItemGroup>
  <ItemGroup>
    <Text Include="Fixes.txt" />
  </ItemGroup>
</Project>